
Microsoft Visual Studio Solution File, Format Version 12.00
# Visual Studio Version 17
VisualStudioVersion = 17.2.32616.157
MinimumVisualStudioVersion = 10.0.40219.1
Project("{FAE04EC0-301F-11D3-BF4B-00C04F79EFBC}") = "DrugStroreAppFull", "DrugStroreAppFull.csproj", "{B2235A31-A13E-4492-93BE-4B0CE7A80FFF}"
EndProject
Global
	GlobalSection(SolutionConfigurationPlatforms) = preSolution
		Debug|Any CPU = Debug|Any CPU
		Release|Any CPU = Release|Any CPU
	EndGlobalSection
	GlobalSection(ProjectConfigurationPlatforms) = postSolution
		{B2235A31-A13E-4492-93BE-4B0CE7A80FFF}.Debug|Any CPU.ActiveCfg = Debug|Any CPU
		{B2235A31-A13E-4492-93BE-4B0CE7A80FFF}.Debug|Any CPU.Build.0 = Debug|Any CPU
		{B2235A31-A13E-4492-93BE-4B0CE7A80FFF}.Release|Any CPU.ActiveCfg = Release|Any CPU
		{B2235A31-A13E-4492-93BE-4B0CE7A80FFF}.Release|Any CPU.Build.0 = Release|Any CPU
	EndGlobalSection
	GlobalSection(SolutionProperties) = preSolution
		HideSolutionNode = FALSE
	EndGlobalSection
	GlobalSection(ExtensibilityGlobals) = postSolution
		SolutionGuid = {89C9594C-EEF2-4DF9-AC2D-A4473BE73471}
	EndGlobalSection
EndGlobal
